
Microsoft Visual Studio Solution File, Format Version 12.00
# Visual Studio Version 17
VisualStudioVersion = 17.11.35327.3
MinimumVisualStudioVersion = 10.0.40219.1
Project("{8BC9CEB8-8B4A-11D0-8D11-00A0C91BC942}") = "rpg_game", "rpg_game\rpg_game.vcxproj", "{0ABEB5A5-6780-418A-BB9F-15E2B8C50722}"
EndProject
Project("{8BC9CEB8-8B4A-11D0-8D11-00A0C91BC942}") = "RPGSystemsUnitTest", "RPGSystemsUnitTest\RPGSystemsUnitTest.vcxproj", "{577A474E-C529-4E95-BEA8-4E2836416DB7}"
EndProject
Project("{8BC9CEB8-8B4A-11D0-8D11-00A0C91BC942}") = "RPGPrototype", "RPGPrototype\RPGPrototype.vcxproj", "{3B88308B-8CCD-4457-ACBF-FDC855C6BAF6}"
EndProject
Global
	GlobalSection(SolutionConfigurationPlatforms) = preSolution
		Debug|x64 = Debug|x64
		Debug|x86 = Debug|x86
		Release|x64 = Release|x64
		Release|x86 = Release|x86
	EndGlobalSection
	GlobalSection(ProjectConfigurationPlatforms) = postSolution
		{0ABEB5A5-6780-418A-BB9F-15E2B8C50722}.Debug|x64.ActiveCfg = Debug|x64
		{0ABEB5A5-6780-418A-BB9F-15E2B8C50722}.Debug|x64.Build.0 = Debug|x64
		{0ABEB5A5-6780-418A-BB9F-15E2B8C50722}.Debug|x86.ActiveCfg = Debug|Win32
		{0ABEB5A5-6780-418A-BB9F-15E2B8C50722}.Debug|x86.Build.0 = Debug|Win32
		{0ABEB5A5-6780-418A-BB9F-15E2B8C50722}.Release|x64.ActiveCfg = Release|x64
		{0ABEB5A5-6780-418A-BB9F-15E2B8C50722}.Release|x64.Build.0 = Release|x64
		{0ABEB5A5-6780-418A-BB9F-15E2B8C50722}.Release|x86.ActiveCfg = Release|Win32
		{0ABEB5A5-6780-418A-BB9F-15E2B8C50722}.Release|x86.Build.0 = Release|Win32
		{577A474E-C529-4E95-BEA8-4E2836416DB7}.Debug|x64.ActiveCfg = Debug|x64
		{577A474E-C529-4E95-BEA8-4E2836416DB7}.Debug|x64.Build.0 = Debug|x64
		{577A474E-C529-4E95-BEA8-4E2836416DB7}.Debug|x86.ActiveCfg = Debug|Win32
		{577A474E-C529-4E95-BEA8-4E2836416DB7}.Debug|x86.Build.0 = Debug|Win32
		{577A474E-C529-4E95-BEA8-4E2836416DB7}.Release|x64.ActiveCfg = Release|x64
		{577A474E-C529-4E95-BEA8-4E2836416DB7}.Release|x64.Build.0 = Release|x64
		{577A474E-C529-4E95-BEA8-4E2836416DB7}.Release|x86.ActiveCfg = Release|Win32
		{577A474E-C529-4E95-BEA8-4E2836416DB7}.Release|x86.Build.0 = Release|Win32
		{3B88308B-8CCD-4457-ACBF-FDC855C6BAF6}.Debug|x64.ActiveCfg = Debug|x64
		{3B88308B-8CCD-4457-ACBF-FDC855C6BAF6}.Debug|x64.Build.0 = Debug|x64
		{3B88308B-8CCD-4457-ACBF-FDC855C6BAF6}.Debug|x86.ActiveCfg = Debug|Win32
		{3B88308B-8CCD-4457-ACBF-FDC855C6BAF6}.Debug|x86.Build.0 = Debug|Win32
		{3B88308B-8CCD-4457-ACBF-FDC855C6BAF6}.Release|x64.ActiveCfg = Release|x64
		{3B88308B-8CCD-4457-ACBF-FDC855C6BAF6}.Release|x64.Build.0 = Release|x64
		{3B88308B-8CCD-4457-ACBF-FDC855C6BAF6}.Release|x86.ActiveCfg = Release|Win32
		{3B88308B-8CCD-4457-ACBF-FDC855C6BAF6}.Release|x86.Build.0 = Release|Win32
	EndGlobalSection
	GlobalSection(SolutionProperties) = preSolution
		HideSolutionNode = FALSE
	EndGlobalSection
	GlobalSection(ExtensibilityGlobals) = postSolution
		SolutionGuid = {92FED84F-CAE9-40D7-9536-06C7D6A5A5AA}
	EndGlobalSection
EndGlobal
